
Microsoft Visual Studio Solution File, Format Version 12.00
# Visual Studio Version 17
VisualStudioVersion = 17.6.33723.286
MinimumVisualStudioVersion = 10.0.40219.1
Project("{FAE04EC0-301F-11D3-BF4B-00C04F79EFBC}") = "Homework (LINQ)", "Homework (LINQ)\Homework (LINQ).csproj", "{7FC7D5B4-FB28-4EC3-A0F5-8DEA6B15BDE7}"
EndProject
Global
	GlobalSection(SolutionConfigurationPlatforms) = preSolution
		Debug|Any CPU = Debug|Any CPU
		Release|Any CPU = Release|Any CPU
	EndGlobalSection
	GlobalSection(ProjectConfigurationPlatforms) = postSolution
		{7FC7D5B4-FB28-4EC3-A0F5-8DEA6B15BDE7}.Debug|Any CPU.ActiveCfg = Debug|Any CPU
		{7FC7D5B4-FB28-4EC3-A0F5-8DEA6B15BDE7}.Debug|Any CPU.Build.0 = Debug|Any CPU
		{7FC7D5B4-FB28-4EC3-A0F5-8DEA6B15BDE7}.Release|Any CPU.ActiveCfg = Release|Any CPU
		{7FC7D5B4-FB28-4EC3-A0F5-8DEA6B15BDE7}.Release|Any CPU.Build.0 = Release|Any CPU
	EndGlobalSection
	GlobalSection(SolutionProperties) = preSolution
		HideSolutionNode = FALSE
	EndGlobalSection
	GlobalSection(ExtensibilityGlobals) = postSolution
		SolutionGuid = {4DA6C48F-052F-4298-92C6-639F0C3C6CEF}
	EndGlobalSection
EndGlobal
